
Microsoft Visual Studio Solution File, Format Version 12.00
# Visual Studio Version 17
VisualStudioVersion = 17.4.33110.190
MinimumVisualStudioVersion = 10.0.40219.1
Project("{FAE04EC0-301F-11D3-BF4B-00C04F79EFBC}") = "atestat", "atestat\atestat.csproj", "{3FB044E8-CC0F-4F37-AE14-BEEDC1A2048C}"
EndProject
Global
	GlobalSection(SolutionConfigurationPlatforms) = preSolution
		Debug|Any CPU = Debug|Any CPU
		Release|Any CPU = Release|Any CPU
	EndGlobalSection
	GlobalSection(ProjectConfigurationPlatforms) = postSolution
		{3FB044E8-CC0F-4F37-AE14-BEEDC1A2048C}.Debug|Any CPU.ActiveCfg = Debug|Any CPU
		{3FB044E8-CC0F-4F37-AE14-BEEDC1A2048C}.Debug|Any CPU.Build.0 = Debug|Any CPU
		{3FB044E8-CC0F-4F37-AE14-BEEDC1A2048C}.Release|Any CPU.ActiveCfg = Release|Any CPU
		{3FB044E8-CC0F-4F37-AE14-BEEDC1A2048C}.Release|Any CPU.Build.0 = Release|Any CPU
	EndGlobalSection
	GlobalSection(SolutionProperties) = preSolution
		HideSolutionNode = FALSE
	EndGlobalSection
	GlobalSection(ExtensibilityGlobals) = postSolution
		SolutionGuid = {44F02E79-F936-42FF-92C0-76DB56692D82}
	EndGlobalSection
EndGlobal
